{
  "name": "dsh-mcp-skill-panel",
  "version": "0.5.4",
  "lockfileVersion": 3,
  "requires": true,
  "packages": {
    "": {
      "name": "dsh-mcp-skill-panel",
      "version": "0.5.4",
      "license": "MIT",
      "devDependencies": {
        "@deepseek-ai/cordis": "4.0.1",
        "@deepseek-ai/cordis-plugin-loader": "1.0.2",
        "@deepseek-ai/cordis-plugin-timer": "1.1.3",
        "@deepseek-ai/dsh-agent": "0.1.2-rc.1",
        "@deepseek-ai/dsh-agent-presets": "0.1.2-rc.1",
        "@deepseek-ai/dsh-host-webserver": "0.1.2-rc.1",
        "@deepseek-ai/dsh-llm": "0.1.2-rc.1",
        "@deepseek-ai/dsh-scope": "0.1.2-rc.1",
        "@deepseek-ai/dsh-session": "0.1.2-rc.1",
        "@deepseek-ai/dsh-skill": "0.1.2-rc.1",
        "@deepseek-ai/dsh-system-prompt": "0.1.2-rc.1",
        "@deepseek-ai/dsh-timeout": "0.1.2-rc.1",
        "@deepseek-ai/dsh-tools": "0.1.2-rc.1",
        "@deepseek-ai/dsh-util-values": "0.1.2-rc.1",
        "@deepseek-ai/schemastery": "3.18.1",
        "@types/node": "^22.10.0",
        "@types/react": "^18.3.0",
        "tsdown": "^0.22.14",
        "typescript": "^5.6.0"
      },
      "engines": {
        "node": ">=22.19"
      },
      "peerDependencies": {
        "@deepseek-ai/cordis": "^4.0.1",
        "@deepseek-ai/dsh-scope": "^0.1.2-rc.1",
        "@deepseek-ai/schemastery": "^3.18.1"
      }
    },
    "../../node_modules/.pnpm/@deepseek-ai+cordis-plugin-_6bbed33e411487075eb8aac91da6ecf2/node_modules/@deepseek-ai/cordis-plugin-loader": {
      "version": "1.0.2",
      "dev": true,
      "license": "MIT",
      "dependencies": {
        "@deepseek-ai/cosmokit": "^1.8.2"
      },
      "peerDependencies": {
        "@deepseek-ai/cordis": "^4.0.1",
        "node-addon-require-builtin": "^0.1.4"
      },
      "peerDependenciesMeta": {
        "node-addon-require-builtin": {
          "optional": true
        }
      }
    },
    "../../node_modules/.pnpm/@deepseek-ai+cordis-plugin-_a503c918567cdb84b949668ed148a69a/node_modules/@deepseek-ai/cordis-plugin-timer": {
      "version": "1.1.3",
      "dev": true,
      "license": "MIT",
      "dependencies": {
        "@deepseek-ai/cosmokit": "^1.8.2"
      },
      "peerDependencies": {
        "@deepseek-ai/cordis": "^4.0.1"
      }
    },
    "../../node_modules/.pnpm/@deepseek-ai+cordis@4.0.1_@_c87b19c9c1d286bce9d8785919e75b6d/node_modules/@deepseek-ai/cordis": {
      "version": "4.0.1",
      "dev": true,
      "license": "MIT",
      "dependencies": {
        "@deepseek-ai/cosmokit": "^1.8.2",
        "@standard-schema/spec": "^1.1.0"
      },
      "bin": {
        "cordis": "bin.js"
      },
      "peerDependencies": {
        "@deepseek-ai/cordis-plugin-include": "^1.0.6",
        "@deepseek-ai/cordis-plugin-loader": "^1.0.2"
      },
      "peerDependenciesMeta": {
        "@deepseek-ai/cordis-plugin-include": {
          "optional": true
        },
        "@deepseek-ai/cordis-plugin-loader": {
          "optional": true
        }
      }
    },
    "../../node_modules/.pnpm/@deepseek-ai+dsh-agent-pres_5e0f703211b7eed0eaa36415852c8224/node_modules/@deepseek-ai/dsh-agent-presets": {
      "version": "0.1.2-rc.1",
      "dev": true,
      "license": "MIT",
      "dependencies": {
        "@deepseek-ai/schemastery": "^3.18.2",
        "js-yaml": "^4.1.0",
        "zod": "^4.4.3"
      },
      "devDependencies": {
        "@deepseek-ai/cordis": "^4.0.2",
        "@deepseek-ai/cordis-plugin-group": "^1.0.2",
        "@deepseek-ai/cordis-plugin-include": "^1.0.7",
        "@deepseek-ai/cordis-plugin-loader": "^1.0.3",
        "@deepseek-ai/dsh-agent": "^0.1.2-rc.1",
        "@deepseek-ai/dsh-agent-loop": "^0.1.2-rc.1",
        "@deepseek-ai/dsh-atomic-write": "^0.1.2-rc.1",
        "@deepseek-ai/dsh-home-paths": "^0.1.2-rc.1",
        "@deepseek-ai/dsh-invariants": "^0.1.2-rc.1",
        "@deepseek-ai/dsh-llm": "^0.1.2-rc.1",
        "@deepseek-ai/dsh-scope": "^0.1.2-rc.1",
        "@deepseek-ai/dsh-session": "^0.1.2-rc.1",
        "@deepseek-ai/dsh-session-projection": "^0.1.2-rc.1",
        "@deepseek-ai/dsh-settings": "^0.1.2-rc.1",
        "@deepseek-ai/dsh-settings-file": "^0.1.2-rc.1",
        "@deepseek-ai/dsh-system-prompt": "^0.1.2-rc.1",
        "@deepseek-ai/dsh-tools": "^0.1.2-rc.1",
        "@deepseek-ai/dsh-typert-protocol": "^0.1.2-rc.1"
      },
      "peerDependencies": {
        "@deepseek-ai/cordis": "^4.0.2",
        "@deepseek-ai/cordis-plugin-include": "^1.0.7",
        "@deepseek-ai/cordis-plugin-loader": "^1.0.3",
        "@deepseek-ai/dsh-agent": "^0.1.2-rc.1",
        "@deepseek-ai/dsh-atomic-write": "^0.1.2-rc.1",
        "@deepseek-ai/dsh-home-paths": "^0.1.2-rc.1",
        "@deepseek-ai/dsh-invariants": "^0.1.2-rc.1",
        "@deepseek-ai/dsh-scope": "^0.1.2-rc.1",
        "@deepseek-ai/dsh-session": "^0.1.2-rc.1",
        "@deepseek-ai/dsh-session-projection": "^0.1.2-rc.1",
        "@deepseek-ai/dsh-settings": "^0.1.2-rc.1",
        "@deepseek-ai/dsh-system-prompt": "^0.1.2-rc.1",
        "@deepseek-ai/dsh-tools": "^0.1.2-rc.1",
        "@deepseek-ai/dsh-typert-protocol": "^0.1.2-rc.1"
      }
    },
    "../../node_modules/.pnpm/@deepseek-ai+dsh-agent@0.1._a7094f05860b859d8594b0505b419790/node_modules/@deepseek-ai/dsh-agent": {
      "version": "0.1.2-rc.1",
      "dev": true,
      "license": "MIT",
      "devDependencies": {
        "@deepseek-ai/cordis": "^4.0.2",
        "@deepseek-ai/dsh-invariants": "^0.1.2-rc.1",
        "@deepseek-ai/dsh-llm": "^0.1.2-rc.1",
        "@deepseek-ai/dsh-scope": "^0.1.2-rc.1",
        "@deepseek-ai/dsh-session": "^0.1.2-rc.1",
        "@deepseek-ai/dsh-session-projection": "^0.1.2-rc.1",
        "@deepseek-ai/dsh-system-prompt": "^0.1.2-rc.1",
        "@deepseek-ai/dsh-typert-protocol": "^0.1.2-rc.1",
        "@deepseek-ai/dsh-typert-registry": "^0.1.2-rc.1"
      },
      "peerDependencies": {
        "@deepseek-ai/cordis": "^4.0.2",
        "@deepseek-ai/dsh-invariants": "^0.1.2-rc.1",
        "@deepseek-ai/dsh-llm": "^0.1.2-rc.1",
        "@deepseek-ai/dsh-scope": "^0.1.2-rc.1",
        "@deepseek-ai/dsh-session": "^0.1.2-rc.1",
        "@deepseek-ai/dsh-session-projection": "^0.1.2-rc.1",
        "@deepseek-ai/dsh-system-prompt": "^0.1.2-rc.1",
        "@deepseek-ai/dsh-typert-protocol": "^0.1.2-rc.1"
      }
    },
    "../../node_modules/.pnpm/@deepseek-ai+dsh-host-webse_462ab6d198eb2b30f26993482337706a/node_modules/@deepseek-ai/dsh-host-webserver": {
      "version": "0.1.2-rc.1",
      "dev": true,
      "license": "MIT",
      "dependencies": {
        "@deepseek-ai/schemastery": "^3.18.2",
        "compression": "^1.8.1",
        "negotiator": "^1.0.0"
      },
      "devDependencies": {
        "@deepseek-ai/cordis": "^4.0.2",
        "@types/compression": "^1.8.1",
        "@types/negotiator": "^0.6.5"
      },
      "peerDependencies": {
        "@deepseek-ai/cordis": "^4.0.2"
      }
    },
    "../../node_modules/.pnpm/@deepseek-ai+dsh-llm@0.1.2-rc.1_@deepseek-ai+cordis@4.0.1/node_modules/@deepseek-ai/dsh-llm": {
      "version": "0.1.2-rc.1",
      "dev": true,
      "license": "MIT",
      "dependencies": {
        "@deepseek-ai/dsh-brand": "^0.1.2-rc.1",
        "@deepseek-ai/dsh-timeout": "^0.1.2-rc.1",
        "@deepseek-ai/dsh-typert-protocol": "^0.1.2-rc.1",
        "@deepseek-ai/dsh-util-crypto": "^0.1.2-rc.1",
        "@deepseek-ai/dsh-util-values": "^0.1.2-rc.1",
        "@deepseek-ai/schemastery": "^3.18.2",
        "zod": "^4.4.3"
      },
      "devDependencies": {
        "@deepseek-ai/cordis": "^4.0.2",
        "@deepseek-ai/dsh-attachment": "^0.1.2-rc.1",
        "@deepseek-ai/dsh-invariants": "^0.1.2-rc.1"
      },
      "peerDependencies": {
        "@deepseek-ai/cordis": "^4.0.2"
      }
    },
    "../../node_modules/.pnpm/@deepseek-ai+dsh-scope@0.1._4c5a87e40c36996e344cc918d9871e0d/node_modules/@deepseek-ai/dsh-scope": {
      "version": "0.1.2-rc.1",
      "dev": true,
      "license": "MIT",
      "devDependencies": {
        "@deepseek-ai/cordis": "^4.0.2",
        "@deepseek-ai/dsh-invariants": "^0.1.2-rc.1"
      },
      "peerDependencies": {
        "@deepseek-ai/cordis": "^4.0.2",
        "@deepseek-ai/dsh-invariants": "^0.1.2-rc.1"
      }
    },
    "../../node_modules/.pnpm/@deepseek-ai+dsh-session@0._5663fee33a080ce0d83159e01d0d0704/node_modules/@deepseek-ai/dsh-session": {
      "version": "0.1.2-rc.1",
      "dev": true,
      "license": "MIT",
      "dependencies": {
        "@deepseek-ai/dsh-brand": "^0.1.2-rc.1",
        "@deepseek-ai/dsh-llm": "^0.1.2-rc.1",
        "@deepseek-ai/dsh-util-values": "^0.1.2-rc.1"
      },
      "devDependencies": {
        "@deepseek-ai/cordis": "^4.0.2",
        "@deepseek-ai/dsh-invariants": "^0.1.2-rc.1",
        "@deepseek-ai/dsh-scope": "^0.1.2-rc.1",
        "@deepseek-ai/dsh-typert-protocol": "^0.1.2-rc.1",
        "@deepseek-ai/dsh-typert-registry": "^0.1.2-rc.1"
      },
      "peerDependencies": {
        "@deepseek-ai/cordis": "^4.0.2",
        "@deepseek-ai/dsh-scope": "^0.1.2-rc.1"
      }
    },
    "../../node_modules/.pnpm/@deepseek-ai+dsh-skill@0.1._5ba4c4122aa8bf3b88027d2a13880b1e/node_modules/@deepseek-ai/dsh-skill": {
      "version": "0.1.2-rc.1",
      "dev": true,
      "license": "MIT",
      "dependencies": {
        "@deepseek-ai/dsh-util-values": "^0.1.2-rc.1",
        "@deepseek-ai/schemastery": "^3.18.2"
      },
      "devDependencies": {
        "@deepseek-ai/cordis": "^4.0.2",
        "@deepseek-ai/dsh-llm": "^0.1.2-rc.1",
        "@deepseek-ai/dsh-scope": "^0.1.2-rc.1"
      },
      "peerDependencies": {
        "@deepseek-ai/cordis": "^4.0.2",
        "@deepseek-ai/dsh-llm": "^0.1.2-rc.1",
        "@deepseek-ai/dsh-scope": "^0.1.2-rc.1"
      }
    },
    "../../node_modules/.pnpm/@deepseek-ai+dsh-system-pro_54efe987a271675781dd7575a1fd690e/node_modules/@deepseek-ai/dsh-system-prompt": {
      "version": "0.1.2-rc.1",
      "dev": true,
      "license": "MIT",
      "dependencies": {
        "@deepseek-ai/schemastery": "^3.18.2"
      },
      "devDependencies": {
        "@deepseek-ai/cordis": "^4.0.2",
        "@deepseek-ai/dsh-invariants": "^0.1.2-rc.1",
        "@deepseek-ai/dsh-llm": "^0.1.2-rc.1",
        "@deepseek-ai/dsh-scope": "^0.1.2-rc.1"
      },
      "peerDependencies": {
        "@deepseek-ai/cordis": "^4.0.2",
        "@deepseek-ai/dsh-invariants": "^0.1.2-rc.1",
        "@deepseek-ai/dsh-llm": "^0.1.2-rc.1",
        "@deepseek-ai/dsh-scope": "^0.1.2-rc.1"
      }
    },
    "../../node_modules/.pnpm/@deepseek-ai+dsh-timeout@0._c8482509b4ef09d4a763c4f52f5dd0e6/node_modules/@deepseek-ai/dsh-timeout": {
      "version": "0.1.2-rc.1",
      "dev": true,
      "license": "MIT",
      "devDependencies": {
        "@deepseek-ai/cordis": "^4.0.2"
      },
      "peerDependencies": {
        "@deepseek-ai/cordis": "^4.0.2"
      }
    },
    "../../node_modules/.pnpm/@deepseek-ai+dsh-tools@0.1._32fa94e05237bf5dfc83dc5cdf2a08e7/node_modules/@deepseek-ai/dsh-tools": {
      "version": "0.1.2-rc.1",
      "dev": true,
      "license": "MIT",
      "dependencies": {
        "@deepseek-ai/dsh-brand": "^0.1.2-rc.1",
        "@deepseek-ai/dsh-util-values": "^0.1.2-rc.1",
        "@deepseek-ai/schemastery": "^3.18.2"
      },
      "devDependencies": {
        "@deepseek-ai/cordis": "^4.0.2",
        "@deepseek-ai/dsh-agent": "^0.1.2-rc.1",
        "@deepseek-ai/dsh-code-runtime": "^0.1.2-rc.1",
        "@deepseek-ai/dsh-invariants": "^0.1.2-rc.1",
        "@deepseek-ai/dsh-llm": "^0.1.2-rc.1",
        "@deepseek-ai/dsh-scope": "^0.1.2-rc.1",
        "@deepseek-ai/dsh-session": "^0.1.2-rc.1",
        "@deepseek-ai/dsh-session-projection": "^0.1.2-rc.1",
        "@deepseek-ai/dsh-system-prompt": "^0.1.2-rc.1",
        "@deepseek-ai/dsh-user-approval": "^0.1.2-rc.1"
      },
      "peerDependencies": {
        "@deepseek-ai/cordis": "^4.0.2",
        "@deepseek-ai/dsh-agent": "^0.1.2-rc.1",
        "@deepseek-ai/dsh-code-runtime": "^0.1.2-rc.1",
        "@deepseek-ai/dsh-invariants": "^0.1.2-rc.1",
        "@deepseek-ai/dsh-llm": "^0.1.2-rc.1",
        "@deepseek-ai/dsh-scope": "^0.1.2-rc.1",
        "@deepseek-ai/dsh-session": "^0.1.2-rc.1",
        "@deepseek-ai/dsh-system-prompt": "^0.1.2-rc.1",
        "@deepseek-ai/dsh-user-approval": "^0.1.2-rc.1"
      }
    },
    "../../node_modules/.pnpm/@deepseek-ai+dsh-util-value_249112a9df1035925eb3ae458480a426/node_modules/@deepseek-ai/dsh-util-values": {
      "version": "0.1.2-rc.1",
      "dev": true,
      "license": "MIT",
      "devDependencies": {
        "@deepseek-ai/cordis": "^4.0.2"
      },
      "peerDependencies": {
        "@deepseek-ai/cordis": "^4.0.2"
      }
    },
    "../../node_modules/.pnpm/@deepseek-ai+schemastery@3.18.1/node_modules/@deepseek-ai/schemastery": {
      "version": "3.18.1",
      "dev": true,
      "license": "MIT",
      "dependencies": {
        "@deepseek-ai/cosmokit": "^1.8.2",
        "@standard-schema/spec": "^1.1.0"
      }
    },
    "../../node_modules/.pnpm/@types+node@22.20.1/node_modules/@types/node": {
      "version": "22.20.1",
      "dev": true,
      "license": "MIT",
      "dependencies": {
        "undici-types": "~6.21.0"
      }
    },
    "../../node_modules/.pnpm/@types+react@18.3.31/node_modules/@types/react": {
      "version": "18.3.31",
      "dev": true,
      "license": "MIT",
      "dependencies": {
        "@types/prop-types": "*",
        "csstype": "^3.2.2"
      }
    },
    "../../node_modules/.pnpm/tsdown@0.22.14_typescript@5.9.3/node_modules/tsdown": {
      "version": "0.22.14",
      "dev": true,
      "license": "MIT",
      "dependencies": {
        "ansis": "^4.3.1",
        "cac": "^7.0.0",
        "defu": "^6.1.7",
        "empathic": "^2.0.1",
        "hookable": "^6.1.1",
        "import-without-cache": "^0.4.0",
        "obug": "^2.1.4",
        "picomatch": "^4.0.5",
        "rolldown": "~1.2.0",
        "rolldown-plugin-dts": "^0.27.13",
        "tinyexec": "^1.2.4",
        "tinyglobby": "^0.2.17",
        "tree-kill": "^1.2.2",
        "unconfig-core": "^7.5.0",
        "verkit": "^0.3.0"
      },
      "bin": {
        "tsdown": "dist/run.mjs"
      },
      "devDependencies": {
        "@arethetypeswrong/core": "^0.18.5",
        "@sxzz/eslint-config": "^8.3.1",
        "@sxzz/prettier-config": "^2.3.2",
        "@sxzz/test-utils": "^0.5.18",
        "@tsdown/css": "0.22.14",
        "@tsdown/exe": "0.22.14",
        "@types/node": "^26.1.1",
        "@types/picomatch": "^4.0.3",
        "@typescript/native-preview": "npm:typescript@7.0.2",
        "@unocss/eslint-plugin": "^66.7.5",
        "@vitejs/devtools": "^0.4.5",
        "@vitest/coverage-v8": "^4.1.10",
        "@vitest/ui": "^4.1.10",
        "@vueuse/core": "^14.3.0",
        "actionspack": "^0.1.5",
        "baseline-browser-mapping": "^2.11.1",
        "bumpp": "^12.0.0",
        "dedent": "^1.7.2",
        "eslint": "^10.7.0",
        "memfs": "^4.64.0",
        "package-manager-detector": "^1.8.0",
        "pkg-types": "^2.3.1",
        "postcss": "^8.5.22",
        "postcss-import": "^16.1.1",
        "prettier": "^3.9.6",
        "publint": "^0.3.22",
        "rolldown-plugin-require-cjs": "^0.4.1",
        "sass": "^1.101.6",
        "tsnapi": "^1.2.0",
        "tsx": "^4.23.1",
        "typescript": "~6.0.3",
        "unocss": "^66.7.5",
        "unplugin-ast": "^0.17.2",
        "unplugin-raw": "^0.7.0",
        "unplugin-unused": "^0.5.7",
        "unplugin-vue": "^7.2.0",
        "unrun": "^0.3.1",
        "vite": "^8.1.5",
        "vitest": "^4.1.10",
        "vue": "^3.5.40"
      },
      "engines": {
        "node": "^22.18.0 || >=24.11.0"
      },
      "funding": {
        "url": "https://github.com/sponsors/sxzz"
      },
      "peerDependencies": {
        "@arethetypeswrong/core": "^0.18.1",
        "@tsdown/css": "0.22.14",
        "@tsdown/exe": "0.22.14",
        "@vitejs/devtools": "*",
        "publint": "^0.3.8",
        "tsx": "*",
        "typescript": "^5.0.0 || ^6.0.0 || ^7.0.0",
        "unplugin-unused": "^0.5.0",
        "unrun": "*"
      },
      "peerDependenciesMeta": {
        "@arethetypeswrong/core": {
          "optional": true
        },
        "@tsdown/css": {
          "optional": true
        },
        "@tsdown/exe": {
          "optional": true
        },
        "@vitejs/devtools": {
          "optional": true
        },
        "publint": {
          "optional": true
        },
        "tsx": {
          "optional": true
        },
        "typescript": {
          "optional": true
        },
        "unplugin-unused": {
          "optional": true
        },
        "unrun": {
          "optional": true
        }
      }
    },
    "../../node_modules/.pnpm/typescript@5.9.3/node_modules/typescript": {
      "version": "5.9.3",
      "dev": true,
      "license": "Apache-2.0",
      "bin": {
        "tsc": "bin/tsc",
        "tsserver": "bin/tsserver"
      },
      "devDependencies": {
        "@dprint/formatter": "^0.4.1",
        "@dprint/typescript": "0.93.4",
        "@esfx/canceltoken": "^1.0.0",
        "@eslint/js": "^9.20.0",
        "@octokit/rest": "^21.1.1",
        "@types/chai": "^4.3.20",
        "@types/diff": "^7.0.1",
        "@types/minimist": "^1.2.5",
        "@types/mocha": "^10.0.10",
        "@types/ms": "^0.7.34",
        "@types/node": "latest",
        "@types/source-map-support": "^0.5.10",
        "@types/which": "^3.0.4",
        "@typescript-eslint/rule-tester": "^8.24.1",
        "@typescript-eslint/type-utils": "^8.24.1",
        "@typescript-eslint/utils": "^8.24.1",
        "azure-devops-node-api": "^14.1.0",
        "c8": "^10.1.3",
        "chai": "^4.5.0",
        "chokidar": "^4.0.3",
        "diff": "^7.0.0",
        "dprint": "^0.49.0",
        "esbuild": "^0.25.0",
        "eslint": "^9.20.1",
        "eslint-formatter-autolinkable-stylish": "^1.4.0",
        "eslint-plugin-regexp": "^2.7.0",
        "fast-xml-parser": "^4.5.2",
        "glob": "^10.4.5",
        "globals": "^15.15.0",
        "hereby": "^1.10.0",
        "jsonc-parser": "^3.3.1",
        "knip": "^5.44.4",
        "minimist": "^1.2.8",
        "mocha": "^10.8.2",
        "mocha-fivemat-progress-reporter": "^0.1.0",
        "monocart-coverage-reports": "^2.12.1",
        "ms": "^2.1.3",
        "picocolors": "^1.1.1",
        "playwright": "^1.50.1",
        "source-map-support": "^0.5.21",
        "tslib": "^2.8.1",
        "typescript": "^5.7.3",
        "typescript-eslint": "^8.24.1",
        "which": "^3.0.1"
      },
      "engines": {
        "node": ">=14.17"
      }
    },
    "node_modules/@deepseek-ai/cordis": {
      "resolved": "../../node_modules/.pnpm/@deepseek-ai+cordis@4.0.1_@_c87b19c9c1d286bce9d8785919e75b6d/node_modules/@deepseek-ai/cordis",
      "link": true
    },
    "node_modules/@deepseek-ai/cordis-plugin-loader": {
      "resolved": "../../node_modules/.pnpm/@deepseek-ai+cordis-plugin-_6bbed33e411487075eb8aac91da6ecf2/node_modules/@deepseek-ai/cordis-plugin-loader",
      "link": true
    },
    "node_modules/@deepseek-ai/cordis-plugin-timer": {
      "resolved": "../../node_modules/.pnpm/@deepseek-ai+cordis-plugin-_a503c918567cdb84b949668ed148a69a/node_modules/@deepseek-ai/cordis-plugin-timer",
      "link": true
    },
    "node_modules/@deepseek-ai/dsh-agent": {
      "resolved": "../../node_modules/.pnpm/@deepseek-ai+dsh-agent@0.1._a7094f05860b859d8594b0505b419790/node_modules/@deepseek-ai/dsh-agent",
      "link": true
    },
    "node_modules/@deepseek-ai/dsh-agent-presets": {
      "resolved": "../../node_modules/.pnpm/@deepseek-ai+dsh-agent-pres_5e0f703211b7eed0eaa36415852c8224/node_modules/@deepseek-ai/dsh-agent-presets",
      "link": true
    },
    "node_modules/@deepseek-ai/dsh-host-webserver": {
      "resolved": "../../node_modules/.pnpm/@deepseek-ai+dsh-host-webse_462ab6d198eb2b30f26993482337706a/node_modules/@deepseek-ai/dsh-host-webserver",
      "link": true
    },
    "node_modules/@deepseek-ai/dsh-llm": {
      "resolved": "../../node_modules/.pnpm/@deepseek-ai+dsh-llm@0.1.2-rc.1_@deepseek-ai+cordis@4.0.1/node_modules/@deepseek-ai/dsh-llm",
      "link": true
    },
    "node_modules/@deepseek-ai/dsh-scope": {
      "resolved": "../../node_modules/.pnpm/@deepseek-ai+dsh-scope@0.1._4c5a87e40c36996e344cc918d9871e0d/node_modules/@deepseek-ai/dsh-scope",
      "link": true
    },
    "node_modules/@deepseek-ai/dsh-session": {
      "resolved": "../../node_modules/.pnpm/@deepseek-ai+dsh-session@0._5663fee33a080ce0d83159e01d0d0704/node_modules/@deepseek-ai/dsh-session",
      "link": true
    },
    "node_modules/@deepseek-ai/dsh-skill": {
      "resolved": "../../node_modules/.pnpm/@deepseek-ai+dsh-skill@0.1._5ba4c4122aa8bf3b88027d2a13880b1e/node_modules/@deepseek-ai/dsh-skill",
      "link": true
    },
    "node_modules/@deepseek-ai/dsh-system-prompt": {
      "resolved": "../../node_modules/.pnpm/@deepseek-ai+dsh-system-pro_54efe987a271675781dd7575a1fd690e/node_modules/@deepseek-ai/dsh-system-prompt",
      "link": true
    },
    "node_modules/@deepseek-ai/dsh-timeout": {
      "resolved": "../../node_modules/.pnpm/@deepseek-ai+dsh-timeout@0._c8482509b4ef09d4a763c4f52f5dd0e6/node_modules/@deepseek-ai/dsh-timeout",
      "link": true
    },
    "node_modules/@deepseek-ai/dsh-tools": {
      "resolved": "../../node_modules/.pnpm/@deepseek-ai+dsh-tools@0.1._32fa94e05237bf5dfc83dc5cdf2a08e7/node_modules/@deepseek-ai/dsh-tools",
      "link": true
    },
    "node_modules/@deepseek-ai/dsh-util-values": {
      "resolved": "../../node_modules/.pnpm/@deepseek-ai+dsh-util-value_249112a9df1035925eb3ae458480a426/node_modules/@deepseek-ai/dsh-util-values",
      "link": true
    },
    "node_modules/@deepseek-ai/schemastery": {
      "resolved": "../../node_modules/.pnpm/@deepseek-ai+schemastery@3.18.1/node_modules/@deepseek-ai/schemastery",
      "link": true
    },
    "node_modules/@types/node": {
      "resolved": "../../node_modules/.pnpm/@types+node@22.20.1/node_modules/@types/node",
      "link": true
    },
    "node_modules/@types/react": {
      "resolved": "../../node_modules/.pnpm/@types+react@18.3.31/node_modules/@types/react",
      "link": true
    },
    "node_modules/tsdown": {
      "resolved": "../../node_modules/.pnpm/tsdown@0.22.14_typescript@5.9.3/node_modules/tsdown",
      "link": true
    },
    "node_modules/typescript": {
      "resolved": "../../node_modules/.pnpm/typescript@5.9.3/node_modules/typescript",
      "link": true
    }
  }
}
